
Microsoft Visual Studio Solution File, Format Version 12.00
# Visual Studio 15
VisualStudioVersion = 15.0.27130.2024
MinimumVisualStudioVersion = 10.0.40219.1
Project("{9092AA53-FB77-4645-B42D-1CCCA6BD08BD}") = "MultiplyTwoNums", "MultiplyTwoNums\MultiplyTwoNums.njsproj", "{5C12EC1F-C494-48C2-B32B-762AC6CC087F}"
EndProject
Project("{9092AA53-FB77-4645-B42D-1CCCA6BD08BD}") = "BoxesAndBottles", "BoxesAndBottles\BoxesAndBottles.njsproj", "{4FDFD09D-B996-4140-B6BF-6D8BC7E5FB39}"
EndProject
Project("{9092AA53-FB77-4645-B42D-1CCCA6BD08BD}") = "LeapYear", "LeapYear\LeapYear.njsproj", "{D513C104-BC08-463B-913C-55C8C1609640}"
EndProject
Project("{9092AA53-FB77-4645-B42D-1CCCA6BD08BD}") = "CircleArea", "CircleArea\CircleArea.njsproj", "{B39B24F2-E4C7-4DC1-95B9-DA652690D952}"
EndProject
Project("{9092AA53-FB77-4645-B42D-1CCCA6BD08BD}") = "TriangleArea", "TriangleArea\TriangleArea.njsproj", "{89BEC84A-9653-4F4A-BB25-73D4B027C2D7}"
EndProject
Project("{9092AA53-FB77-4645-B42D-1CCCA6BD08BD}") = "Cone", "Cone\Cone.njsproj", "{0CD549DF-1A87-4325-9DE0-681299469F07}"
EndProject
Project("{9092AA53-FB77-4645-B42D-1CCCA6BD08BD}") = "OddEven", "OddEven\OddEven.njsproj", "{AA5C1283-E8BA-4E3A-82A2-05E8AAB778E5}"
EndProject
Project("{9092AA53-FB77-4645-B42D-1CCCA6BD08BD}") = "FruitOrVegetable", "FruitOrVegetable\FruitOrVegetable.njsproj", "{A5E11A6B-A55D-49DF-AD58-0D2DD65FB726}"
EndProject
Project("{9092AA53-FB77-4645-B42D-1CCCA6BD08BD}") = "ColorfulNums", "ColorfulNums\ColorfulNums.njsproj", "{7D9A2ED8-4F14-4BE1-8E95-12B46E86075B}"
EndProject
Project("{9092AA53-FB77-4645-B42D-1CCCA6BD08BD}") = "ChessBoard", "ChessBoard\ChessBoard.njsproj", "{E717EBE2-BED7-4C8E-A678-E14137568528}"
EndProject
Project("{9092AA53-FB77-4645-B42D-1CCCA6BD08BD}") = "BinaryLogarithm", "BinaryLogarithm\BinaryLogarithm.njsproj", "{84815796-177F-48AB-BD41-10E474C1DE90}"
EndProject
Project("{9092AA53-FB77-4645-B42D-1CCCA6BD08BD}") = "PrimeNumChecker", "PrimeNumChecker\PrimeNumChecker.njsproj", "{87F86FF2-BC6C-4491-AD90-ECAD1E676A4A}"
EndProject
Global
	GlobalSection(SolutionConfigurationPlatforms) = preSolution
		Debug|Any CPU = Debug|Any CPU
		Release|Any CPU = Release|Any CPU
	EndGlobalSection
	GlobalSection(ProjectConfigurationPlatforms) = postSolution
		{5C12EC1F-C494-48C2-B32B-762AC6CC087F}.Debug|Any CPU.ActiveCfg = Debug|Any CPU
		{5C12EC1F-C494-48C2-B32B-762AC6CC087F}.Debug|Any CPU.Build.0 = Debug|Any CPU
		{5C12EC1F-C494-48C2-B32B-762AC6CC087F}.Release|Any CPU.ActiveCfg = Release|Any CPU
		{5C12EC1F-C494-48C2-B32B-762AC6CC087F}.Release|Any CPU.Build.0 = Release|Any CPU
		{4FDFD09D-B996-4140-B6BF-6D8BC7E5FB39}.Debug|Any CPU.ActiveCfg = Debug|Any CPU
		{4FDFD09D-B996-4140-B6BF-6D8BC7E5FB39}.Debug|Any CPU.Build.0 = Debug|Any CPU
		{4FDFD09D-B996-4140-B6BF-6D8BC7E5FB39}.Release|Any CPU.ActiveCfg = Release|Any CPU
		{4FDFD09D-B996-4140-B6BF-6D8BC7E5FB39}.Release|Any CPU.Build.0 = Release|Any CPU
		{D513C104-BC08-463B-913C-55C8C1609640}.Debug|Any CPU.ActiveCfg = Debug|Any CPU
		{D513C104-BC08-463B-913C-55C8C1609640}.Debug|Any CPU.Build.0 = Debug|Any CPU
		{D513C104-BC08-463B-913C-55C8C1609640}.Release|Any CPU.ActiveCfg = Release|Any CPU
		{D513C104-BC08-463B-913C-55C8C1609640}.Release|Any CPU.Build.0 = Release|Any CPU
		{B39B24F2-E4C7-4DC1-95B9-DA652690D952}.Debug|Any CPU.ActiveCfg = Debug|Any CPU
		{B39B24F2-E4C7-4DC1-95B9-DA652690D952}.Debug|Any CPU.Build.0 = Debug|Any CPU
		{B39B24F2-E4C7-4DC1-95B9-DA652690D952}.Release|Any CPU.ActiveCfg = Release|Any CPU
		{B39B24F2-E4C7-4DC1-95B9-DA652690D952}.Release|Any CPU.Build.0 = Release|Any CPU
		{89BEC84A-9653-4F4A-BB25-73D4B027C2D7}.Debug|Any CPU.ActiveCfg = Debug|Any CPU
		{89BEC84A-9653-4F4A-BB25-73D4B027C2D7}.Debug|Any CPU.Build.0 = Debug|Any CPU
		{89BEC84A-9653-4F4A-BB25-73D4B027C2D7}.Release|Any CPU.ActiveCfg = Release|Any CPU
		{89BEC84A-9653-4F4A-BB25-73D4B027C2D7}.Release|Any CPU.Build.0 = Release|Any CPU
		{0CD549DF-1A87-4325-9DE0-681299469F07}.Debug|Any CPU.ActiveCfg = Debug|Any CPU
		{0CD549DF-1A87-4325-9DE0-681299469F07}.Debug|Any CPU.Build.0 = Debug|Any CPU
		{0CD549DF-1A87-4325-9DE0-681299469F07}.Release|Any CPU.ActiveCfg = Release|Any CPU
		{0CD549DF-1A87-4325-9DE0-681299469F07}.Release|Any CPU.Build.0 = Release|Any CPU
		{AA5C1283-E8BA-4E3A-82A2-05E8AAB778E5}.Debug|Any CPU.ActiveCfg = Debug|Any CPU
		{AA5C1283-E8BA-4E3A-82A2-05E8AAB778E5}.Debug|Any CPU.Build.0 = Debug|Any CPU
		{AA5C1283-E8BA-4E3A-82A2-05E8AAB778E5}.Release|Any CPU.ActiveCfg = Release|Any CPU
		{AA5C1283-E8BA-4E3A-82A2-05E8AAB778E5}.Release|Any CPU.Build.0 = Release|Any CPU
		{A5E11A6B-A55D-49DF-AD58-0D2DD65FB726}.Debug|Any CPU.ActiveCfg = Debug|Any CPU
		{A5E11A6B-A55D-49DF-AD58-0D2DD65FB726}.Debug|Any CPU.Build.0 = Debug|Any CPU
		{A5E11A6B-A55D-49DF-AD58-0D2DD65FB726}.Release|Any CPU.ActiveCfg = Release|Any CPU
		{A5E11A6B-A55D-49DF-AD58-0D2DD65FB726}.Release|Any CPU.Build.0 = Release|Any CPU
		{7D9A2ED8-4F14-4BE1-8E95-12B46E86075B}.Debug|Any CPU.ActiveCfg = Debug|Any CPU
		{7D9A2ED8-4F14-4BE1-8E95-12B46E86075B}.Debug|Any CPU.Build.0 = Debug|Any CPU
		{7D9A2ED8-4F14-4BE1-8E95-12B46E86075B}.Release|Any CPU.ActiveCfg = Release|Any CPU
		{7D9A2ED8-4F14-4BE1-8E95-12B46E86075B}.Release|Any CPU.Build.0 = Release|Any CPU
		{E717EBE2-BED7-4C8E-A678-E14137568528}.Debug|Any CPU.ActiveCfg = Debug|Any CPU
		{E717EBE2-BED7-4C8E-A678-E14137568528}.Debug|Any CPU.Build.0 = Debug|Any CPU
		{E717EBE2-BED7-4C8E-A678-E14137568528}.Release|Any CPU.ActiveCfg = Release|Any CPU
		{E717EBE2-BED7-4C8E-A678-E14137568528}.Release|Any CPU.Build.0 = Release|Any CPU
		{84815796-177F-48AB-BD41-10E474C1DE90}.Debug|Any CPU.ActiveCfg = Debug|Any CPU
		{84815796-177F-48AB-BD41-10E474C1DE90}.Debug|Any CPU.Build.0 = Debug|Any CPU
		{84815796-177F-48AB-BD41-10E474C1DE90}.Release|Any CPU.ActiveCfg = Release|Any CPU
		{84815796-177F-48AB-BD41-10E474C1DE90}.Release|Any CPU.Build.0 = Release|Any CPU
		{87F86FF2-BC6C-4491-AD90-ECAD1E676A4A}.Debug|Any CPU.ActiveCfg = Debug|Any CPU
		{87F86FF2-BC6C-4491-AD90-ECAD1E676A4A}.Debug|Any CPU.Build.0 = Debug|Any CPU
		{87F86FF2-BC6C-4491-AD90-ECAD1E676A4A}.Release|Any CPU.ActiveCfg = Release|Any CPU
		{87F86FF2-BC6C-4491-AD90-ECAD1E676A4A}.Release|Any CPU.Build.0 = Release|Any CPU
	EndGlobalSection
	GlobalSection(SolutionProperties) = preSolution
		HideSolutionNode = FALSE
	EndGlobalSection
	GlobalSection(ExtensibilityGlobals) = postSolution
		SolutionGuid = {87FE89BB-6F45-4205-82CA-9D7A136BE430}
	EndGlobalSection
EndGlobal
